
Microsoft Visual Studio Solution File, Format Version 12.00
# Visual Studio 15
VisualStudioVersion = 15.0.28010.2041
MinimumVisualStudioVersion = 10.0.40219.1
Project("{FAE04EC0-301F-11D3-BF4B-00C04F79EFBC}") = "FibonacciInteressante", "FibonacciInteressante\FibonacciInteressante.csproj", "{15FF2838-B0BD-4834-866F-2E6C1B3AA606}"
EndProject
Project("{FAE04EC0-301F-11D3-BF4B-00C04F79EFBC}") = "ExtracaoDeDiamantes", "ExtracaoDeDiamantes\ExtracaoDeDiamantes.csproj", "{E3F19AB9-8CFB-478F-94FF-24AB34010316}"
EndProject
Project("{FAE04EC0-301F-11D3-BF4B-00C04F79EFBC}") = "HallDosAssassinos", "HallDosAssassinos\HallDosAssassinos.csproj", "{C7022756-DA29-4458-9E85-904B2C28C336}"
EndProject
Project("{FAE04EC0-301F-11D3-BF4B-00C04F79EFBC}") = "Lanchinho", "Lanchinho\Lanchinho.csproj", "{99F62CFF-9CAB-409A-8FB2-A27D649C2E70}"
EndProject
Project("{FAE04EC0-301F-11D3-BF4B-00C04F79EFBC}") = "GenioDeAdivinhacao", "GenioDeAdivinhacao\GenioDeAdivinhacao.csproj", "{6534A51D-7A62-46DF-A8DF-DEFD9473A8EE}"
EndProject
Global
	GlobalSection(SolutionConfigurationPlatforms) = preSolution
		Debug|Any CPU = Debug|Any CPU
		Release|Any CPU = Release|Any CPU
	EndGlobalSection
	GlobalSection(ProjectConfigurationPlatforms) = postSolution
		{15FF2838-B0BD-4834-866F-2E6C1B3AA606}.Debug|Any CPU.ActiveCfg = Debug|Any CPU
		{15FF2838-B0BD-4834-866F-2E6C1B3AA606}.Debug|Any CPU.Build.0 = Debug|Any CPU
		{15FF2838-B0BD-4834-866F-2E6C1B3AA606}.Release|Any CPU.ActiveCfg = Release|Any CPU
		{15FF2838-B0BD-4834-866F-2E6C1B3AA606}.Release|Any CPU.Build.0 = Release|Any CPU
		{E3F19AB9-8CFB-478F-94FF-24AB34010316}.Debug|Any CPU.ActiveCfg = Debug|Any CPU
		{E3F19AB9-8CFB-478F-94FF-24AB34010316}.Debug|Any CPU.Build.0 = Debug|Any CPU
		{E3F19AB9-8CFB-478F-94FF-24AB34010316}.Release|Any CPU.ActiveCfg = Release|Any CPU
		{E3F19AB9-8CFB-478F-94FF-24AB34010316}.Release|Any CPU.Build.0 = Release|Any CPU
		{C7022756-DA29-4458-9E85-904B2C28C336}.Debug|Any CPU.ActiveCfg = Debug|Any CPU
		{C7022756-DA29-4458-9E85-904B2C28C336}.Debug|Any CPU.Build.0 = Debug|Any CPU
		{C7022756-DA29-4458-9E85-904B2C28C336}.Release|Any CPU.ActiveCfg = Release|Any CPU
		{C7022756-DA29-4458-9E85-904B2C28C336}.Release|Any CPU.Build.0 = Release|Any CPU
		{99F62CFF-9CAB-409A-8FB2-A27D649C2E70}.Debug|Any CPU.ActiveCfg = Debug|Any CPU
		{99F62CFF-9CAB-409A-8FB2-A27D649C2E70}.Debug|Any CPU.Build.0 = Debug|Any CPU
		{99F62CFF-9CAB-409A-8FB2-A27D649C2E70}.Release|Any CPU.ActiveCfg = Release|Any CPU
		{99F62CFF-9CAB-409A-8FB2-A27D649C2E70}.Release|Any CPU.Build.0 = Release|Any CPU
		{6534A51D-7A62-46DF-A8DF-DEFD9473A8EE}.Debug|Any CPU.ActiveCfg = Debug|Any CPU
		{6534A51D-7A62-46DF-A8DF-DEFD9473A8EE}.Debug|Any CPU.Build.0 = Debug|Any CPU
		{6534A51D-7A62-46DF-A8DF-DEFD9473A8EE}.Release|Any CPU.ActiveCfg = Release|Any CPU
		{6534A51D-7A62-46DF-A8DF-DEFD9473A8EE}.Release|Any CPU.Build.0 = Release|Any CPU
	EndGlobalSection
	GlobalSection(SolutionProperties) = preSolution
		HideSolutionNode = FALSE
	EndGlobalSection
	GlobalSection(ExtensibilityGlobals) = postSolution
		SolutionGuid = {451FF280-AE19-4EE2-8659-122FABAC6099}
	EndGlobalSection
EndGlobal
